// !$*UTF8*$!
{
	archiveVersion = 1;
	classes = {
	};
	objectVersion = 46;
	objects = {

/* Begin PBXBuildFile section */
		CF06355D1EAEEE4300A4B5B7 /* AppDelegate.swift in Sources */ = {isa = PBXBuildFile; fileRef = CF06355C1EAEEE4300A4B5B7 /* AppDelegate.swift */; };
		CF06355F1EAEEE4300A4B5B7 /* ViewController.swift in Sources */ = {isa = PBXBuildFile; fileRef = CF06355E1EAEEE4300A4B5B7 /* ViewController.swift */; };
		CF0635621EAEEE4300A4B5B7 /* Main.storyboard in Resources */ = {isa = PBXBuildFile; fileRef = CF0635601EAEEE4300A4B5B7 /* Main.storyboard */; };
		CF0635641EAEEE4300A4B5B7 /* Assets.xcassets in Resources */ = {isa = PBXBuildFile; fileRef = CF0635631EAEEE4300A4B5B7 /* Assets.xcassets */; };
		CF0635671EAEEE4300A4B5B7 /* LaunchScreen.storyboard in Resources */ = {isa = PBXBuildFile; fileRef = CF0635651EAEEE4300A4B5B7 /* LaunchScreen.storyboard */; };
		CF0635711EAF39C300A4B5B7 /* DefViewController.swift in Sources */ = {isa = PBXBuildFile; fileRef = CF0635701EAF39C300A4B5B7 /* DefViewController.swift */; };
		CF0BBCFF1EB184E600DB9D32 /* Emoji.swift in Sources */ = {isa = PBXBuildFile; fileRef = CF0BBCFE1EB184E600DB9D32 /* Emoji.swift */; };
/* End PBXBuildFile section */

/* Begin PBXFileReference section */
		CF0635591EAEEE4300A4B5B7 /* Emoji Dictionary.app */ = {isa = PBXFileReference; explicitFileType = wrapper.application; includeInIndex = 0; path = "Emoji Dictionary.app"; sourceTree = BUILT_PRODUCTS_DIR; };
		CF06355C1EAEEE4300A4B5B7 /* AppDelegate.swift */ = {isa = PBXFileReference; lastKnownFileType = sourcecode.swift; path = AppDelegate.swift; sourceTree = "<group>"; };
		CF06355E1EAEEE4300A4B5B7 /* ViewController.swift */ = {isa = PBXFileReference; lastKnownFileType = sourcecode.swift; path = ViewController.swift; sourceTree = "<group>"; };
		CF0635611EAEEE4300A4B5B7 /* Base */ = {isa = PBXFileReference; lastKnownFileType = file.storyboard; name = Base; path = Base.lproj/Main.storyboard; sourceTree = "<group>"; };
		CF0635631EAEEE4300A4B5B7 /* Assets.xcassets */ = {isa = PBXFileReference; lastKnownFileType = folder.assetcatalog; path = Assets.xcassets; sourceTree = "<group>"; };
		CF0635661EAEEE4300A4B5B7 /* Base */ = {isa = PBXFileReference; lastKnownFileType = file.storyboard; name = Base; path = Base.lproj/LaunchScreen.storyboard; sourceTree = "<group>"; };
		CF0635681EAEEE4300A4B5B7 /* Info.plist */ = {isa = PBXFileReference; lastKnownFileType = text.plist.xml; path = Info.plist; sourceTree = "<group>"; };
		CF0635701EAF39C300A4B5B7 /* DefViewController.swift */ = {isa = PBXFileReference; fileEncoding = 4; lastKnownFileType = sourcecode.swift; path = DefViewController.swift; sourceTree = "<group>"; };
		CF0BBCFE1EB184E600DB9D32 /* Emoji.swift */ = {isa = PBXFileReference; fileEncoding = 4; lastKnownFileType = sourcecode.swift; path = Emoji.swift; sourceTree = "<group>"; };
/* End PBXFileReference section */

/* Begin PBXFrameworksBuildPhase section */
		CF0635561EAEEE4300A4B5B7 /* Frameworks */ = {
			isa = PBXFrameworksBuildPhase;
			buildActionMask = 2147483647;
			files = (
			);
			runOnlyForDeploymentPostprocessing = 0;
		};
/* End PBXFrameworksBuildPhase section */

/* Begin PBXGroup section */
		CF0635501EAEEE4300A4B5B7 = {
			isa = PBXGroup;
			children = (
				CF06355B1EAEEE4300A4B5B7 /* Emoji Dictionary */,
				CF06355A1EAEEE4300A4B5B7 /* Products */,
			);
			sourceTree = "<group>";
		};
		CF06355A1EAEEE4300A4B5B7 /* Products */ = {
			isa = PBXGroup;
			children = (
				CF0635591EAEEE4300A4B5B7 /* Emoji Dictionary.app */,
			);
			name = Products;
			sourceTree = "<group>";
		};
		CF06355B1EAEEE4300A4B5B7 /* Emoji Dictionary */ = {
			isa = PBXGroup;
			children = (
				CF0BBCFE1EB184E600DB9D32 /* Emoji.swift */,
				CF06355C1EAEEE4300A4B5B7 /* AppDelegate.swift */,
				CF06355E1EAEEE4300A4B5B7 /* ViewController.swift */,
				CF0635701EAF39C300A4B5B7 /* DefViewController.swift */,
				CF0635601EAEEE4300A4B5B7 /* Main.storyboard */,
				CF0635631EAEEE4300A4B5B7 /* Assets.xcassets */,
				CF0635651EAEEE4300A4B5B7 /* LaunchScreen.storyboard */,
				CF0635681EAEEE4300A4B5B7 /* Info.plist */,
			);
			path = "Emoji Dictionary";
			sourceTree = "<group>";
		};
/* End PBXGroup section */

/* Begin PBXNativeTarget section */
		CF0635581EAEEE4300A4B5B7 /* Emoji Dictionary */ = {
			isa = PBXNativeTarget;
			buildConfigurationList = CF06356B1EAEEE4300A4B5B7 /* Build configuration list for PBXNativeTarget "Emoji Dictionary" */;
			buildPhases = (
				CF0635551EAEEE4300A4B5B7 /* Sources */,
				CF0635561EAEEE4300A4B5B7 /* Frameworks */,
				CF0635571EAEEE4300A4B5B7 /* Resources */,
			);
			buildRules = (
			);
			dependencies = (
			);
			name = "Emoji Dictionary";
			productName = "Emoji Dictionary";
			productReference = CF0635591EAEEE4300A4B5B7 /* Emoji Dictionary.app */;
			productType = "com.apple.product-type.application";
		};
/* End PBXNativeTarget section */

/* Begin PBXProject section */
		CF0635511EAEEE4300A4B5B7 /* Project object */ = {
			isa = PBXProject;
			attributes = {
				LastSwiftUpdateCheck = 0830;
				LastUpgradeCheck = 0830;
				ORGANIZATIONNAME = "Christina Stevens";
				TargetAttributes = {
					CF0635581EAEEE4300A4B5B7 = {
						CreatedOnToolsVersion = 8.3.1;
						ProvisioningStyle = Automatic;
					};
				};
			};
			buildConfigurationList = CF0635541EAEEE4300A4B5B7 /* Build configuration list for PBXProject "Emoji Dictionary" */;
			compatibilityVersion = "Xcode 3.2";
			developmentRegion = English;
			hasScannedForEncodings = 0;
			knownRegions = (
				en,
				Base,
			);
			mainGroup = CF0635501EAEEE4300A4B5B7;
			productRefGroup = CF06355A1EAEEE4300A4B5B7 /* Products */;
			projectDirPath = "";
			projectRoot = "";
			targets = (
				CF0635581EAEEE4300A4B5B7 /* Emoji Dictionary */,
			);
		};
/* End PBXProject section */

/* Begin PBXResourcesBuildPhase section */
		CF0635571EAEEE4300A4B5B7 /* Resources */ = {
			isa = PBXResourcesBuildPhase;
			buildActionMask = 2147483647;
			files = (
				CF0635671EAEEE4300A4B5B7 /* LaunchScreen.storyboard in Resources */,
				CF0635641EAEEE4300A4B5B7 /* Assets.xcassets in Resources */,
				CF0635621EAEEE4300A4B5B7 /* Main.storyboard in Resources */,
			);
			runOnlyForDeploymentPostprocessing = 0;
		};
/* End PBXResourcesBuildPhase section */

/* Begin PBXSourcesBuildPhase section */
		CF0635551EAEEE4300A4B5B7 /* Sources */ = {
			isa = PBXSourcesBuildPhase;
			buildActionMask = 2147483647;
			files = (
				CF0635711EAF39C300A4B5B7 /* DefViewController.swift in Sources */,
				CF06355F1EAEEE4300A4B5B7 /* ViewController.swift in Sources */,
				CF0BBCFF1EB184E600DB9D32 /* Emoji.swift in Sources */,
				CF06355D1EAEEE4300A4B5B7 /* AppDelegate.swift in Sources */,
			);
			runOnlyForDeploymentPostprocessing = 0;
		};
/* End PBXSourcesBuildPhase section */

/* Begin PBXVariantGroup section */
		CF0635601EAEEE4300A4B5B7 /* Main.storyboard */ = {
			isa = PBXVariantGroup;
			children = (
				CF0635611EAEEE4300A4B5B7 /* Base */,
			);
			name = Main.storyboard;
			sourceTree = "<group>";
		};
		CF0635651EAEEE4300A4B5B7 /* LaunchScreen.storyboard */ = {
			isa = PBXVariantGroup;
			children = (
				CF0635661EAEEE4300A4B5B7 /* Base */,
			);
			name = LaunchScreen.storyboard;
			sourceTree = "<group>";
		};
/* End PBXVariantGroup section */

/* Begin XCBuildConfiguration section */
		CF0635691EAEEE4300A4B5B7 /* Debug */ = {
			isa = XCBuildConfiguration;
			buildSettings = {
				ALWAYS_SEARCH_USER_PATHS = NO;
				CLANG_ANALYZER_NONNULL = YES;
				CLANG_ANALYZER_NUMBER_OBJECT_CONVERSION = YES_AGGRESSIVE;
				CLANG_CXX_LANGUAGE_STANDARD = "gnu++0x";
				CLANG_CXX_LIBRARY = "libc++";
				CLANG_ENABLE_MODULES = YES;
				CLANG_ENABLE_OBJC_ARC = YES;
				CLANG_WARN_BOOL_CONVERSION = YES;
				CLANG_WARN_CONSTANT_CONVERSION = YES;
				CLANG_WARN_DIRECT_OBJC_ISA_USAGE = YES_ERROR;
				CLANG_WARN_DOCUMENTATION_COMMENTS = YES;
				CLANG_WARN_EMPTY_BODY = YES;
				CLANG_WARN_ENUM_CONVERSION = YES;
				CLANG_WARN_INFINITE_RECURSION = YES;
				CLANG_WARN_INT_CONVERSION = YES;
				CLANG_WARN_OBJC_ROOT_CLASS = YES_ERROR;
				CLANG_WARN_SUSPICIOUS_MOVE = YES;
				CLANG_WARN_UNREACHABLE_CODE = YES;
				CLANG_WARN__DUPLICATE_METHOD_MATCH = YES;
				"CODE_SIGN_IDENTITY[sdk=iphoneos*]" = "iPhone Developer";
				COPY_PHASE_STRIP = NO;
				DEBUG_INFORMATION_FORMAT = dwarf;
				ENABLE_STRICT_OBJC_MSGSEND = YES;
				ENABLE_TESTABILITY = YES;
				GCC_C_LANGUAGE_STANDARD = gnu99;
				GCC_DYNAMIC_NO_PIC = NO;
				GCC_NO_COMMON_BLOCKS = YES;
				GCC_OPTIMIZATION_LEVEL = 0;
				GCC_PREPROCESSOR_DEFINITIONS = (
					"DEBUG=1",
					"$(inherited)",
				);
				GCC_WARN_64_TO_32_BIT_CONVERSION = YES;
				GCC_WARN_ABOUT_RETURN_TYPE = YES_ERROR;
				GCC_WARN_UNDECLARED_SELECTOR = YES;
				GCC_WARN_UNINITIALIZED_AUTOS = YES_AGGRESSIVE;
				GCC_WARN_UNUSED_FUNCTION = YES;
				GCC_WARN_UNUSED_VARIABLE = YES;
				IPHONEOS_DEPLOYMENT_TARGET = 10.3;
				MTL_ENABLE_DEBUG_INFO = YES;
				ONLY_ACTIVE_ARCH = YES;
				SDKROOT = iphoneos;
				SWIFT_ACTIVE_COMPILATION_CONDITIONS = DEBUG;
				SWIFT_OPTIMIZATION_LEVEL = "-Onone";
				TARGETED_DEVICE_FAMILY = "1,2";
			};
			name = Debug;
		};
		CF06356A1EAEEE4300A4B5B7 /* Release */ = {
			isa = XCBuildConfiguration;
			buildSettings = {
				ALWAYS_SEARCH_USER_PATHS = NO;
				CLANG_ANALYZER_NONNULL = YES;
				CLANG_ANALYZER_NUMBER_OBJECT_CONVERSION = YES_AGGRESSIVE;
				CLANG_CXX_LANGUAGE_STANDARD = "gnu++0x";
				CLANG_CXX_LIBRARY = "libc++";
				CLANG_ENABLE_MODULES = YES;
				CLANG_ENABLE_OBJC_ARC = YES;
				CLANG_WARN_BOOL_CONVERSION = YES;
				CLANG_WARN_CONSTANT_CONVERSION = YES;
				CLANG_WARN_DIRECT_OBJC_ISA_USAGE = YES_ERROR;
				CLANG_WARN_DOCUMENTATION_COMMENTS = YES;
				CLANG_WARN_EMPTY_BODY = YES;
				CLANG_WARN_ENUM_CONVERSION = YES;
				CLANG_WARN_INFINITE_RECURSION = YES;
				CLANG_WARN_INT_CONVERSION = YES;
				CLANG_WARN_OBJC_ROOT_CLASS = YES_ERROR;
				CLANG_WARN_SUSPICIOUS_MOVE = YES;
				CLANG_WARN_UNREACHABLE_CODE = YES;
				CLANG_WARN__DUPLICATE_METHOD_MATCH = YES;
				"CODE_SIGN_IDENTITY[sdk=iphoneos*]" = "iPhone Developer";
				COPY_PHASE_STRIP = NO;
				DEBUG_INFORMATION_FORMAT = "dwarf-with-dsym";
				ENABLE_NS_ASSERTIONS = NO;
				ENABLE_STRICT_OBJC_MSGSEND = YES;
				GCC_C_LANGUAGE_STANDARD = gnu99;
				GCC_NO_COMMON_BLOCKS = YES;
				GCC_WARN_64_TO_32_BIT_CONVERSION = YES;
				GCC_WARN_ABOUT_RETURN_TYPE = YES_ERROR;
				GCC_WARN_UNDECLARED_SELECTOR = YES;
				GCC_WARN_UNINITIALIZED_AUTOS = YES_AGGRESSIVE;
				GCC_WARN_UNUSED_FUNCTION = YES;
				GCC_WARN_UNUSED_VARIABLE = YES;
				IPHONEOS_DEPLOYMENT_TARGET = 10.3;
				MTL_ENABLE_DEBUG_INFO = NO;
				SDKROOT = iphoneos;
				SWIFT_OPTIMIZATION_LEVEL = "-Owholemodule";
				TARGETED_DEVICE_FAMILY = "1,2";
				VALIDATE_PRODUCT = YES;
			};
			name = Release;
		};
		CF06356C1EAEEE4300A4B5B7 /* Debug */ = {
			isa = XCBuildConfiguration;
			buildSettings = {
				ASSETCATALOG_COMPILER_APPICON_NAME = AppIcon;
				INFOPLIST_FILE = "Emoji Dictionary/Info.plist";
				LD_RUNPATH_SEARCH_PATHS = "$(inherited) @executable_path/Frameworks";
				PRODUCT_BUNDLE_IDENTIFIER = "tiktok.Emoji-Dictionary";
				PRODUCT_NAME = "$(TARGET_NAME)";
				SWIFT_VERSION = 3.0;
			};
			name = Debug;
		};
		CF06356D1EAEEE4300A4B5B7 /* Release */ = {
			isa = XCBuildConfiguration;
			buildSettings = {
				ASSETCATALOG_COMPILER_APPICON_NAME = AppIcon;
				INFOPLIST_FILE = "Emoji Dictionary/Info.plist";
				LD_RUNPATH_SEARCH_PATHS = "$(inherited) @executable_path/Frameworks";
				PRODUCT_BUNDLE_IDENTIFIER = "tiktok.Emoji-Dictionary";
				PRODUCT_NAME = "$(TARGET_NAME)";
				SWIFT_VERSION = 3.0;
			};
			name = Release;
		};
/* End XCBuildConfiguration section */

/* Begin XCConfigurationList section */
		CF0635541EAEEE4300A4B5B7 /* Build configuration list for PBXProject "Emoji Dictionary" */ = {
			isa = XCConfigurationList;
			buildConfigurations = (
				CF0635691EAEEE4300A4B5B7 /* Debug */,
				CF06356A1EAEEE4300A4B5B7 /* Release */,
			);
			defaultConfigurationIsVisible = 0;
			defaultConfigurationName = Release;
		};
		CF06356B1EAEEE4300A4B5B7 /* Build configuration list for PBXNativeTarget "Emoji Dictionary" */ = {
			isa = XCConfigurationList;
			buildConfigurations = (
				CF06356C1EAEEE4300A4B5B7 /* Debug */,
				CF06356D1EAEEE4300A4B5B7 /* Release */,
			);
			defaultConfigurationIsVisible = 0;
			defaultConfigurationName = Release;
		};
/* End XCConfigurationList section */
	};
	rootObject = CF0635511EAEEE4300A4B5B7 /* Project object */;
}
